
Microsoft Visual Studio Solution File, Format Version 12.00
# Visual Studio Version 16
VisualStudioVersion = 16.0.30011.22
MinimumVisualStudioVersion = 10.0.40219.1
Project("{FAE04EC0-301F-11D3-BF4B-00C04F79EFBC}") = "Matrices 2", "Matrices 2.csproj", "{57A3B21C-6F92-4CCA-98DB-655EED465A56}"
EndProject
Global
	GlobalSection(SolutionConfigurationPlatforms) = preSolution
		Debug|Any CPU = Debug|Any CPU
		Release|Any CPU = Release|Any CPU
	EndGlobalSection
	GlobalSection(ProjectConfigurationPlatforms) = postSolution
		{57A3B21C-6F92-4CCA-98DB-655EED465A56}.Debug|Any CPU.ActiveCfg = Debug|Any CPU
		{57A3B21C-6F92-4CCA-98DB-655EED465A56}.Debug|Any CPU.Build.0 = Debug|Any CPU
		{57A3B21C-6F92-4CCA-98DB-655EED465A56}.Release|Any CPU.ActiveCfg = Release|Any CPU
		{57A3B21C-6F92-4CCA-98DB-655EED465A56}.Release|Any CPU.Build.0 = Release|Any CPU
	EndGlobalSection
	GlobalSection(SolutionProperties) = preSolution
		HideSolutionNode = FALSE
	EndGlobalSection
	GlobalSection(ExtensibilityGlobals) = postSolution
		SolutionGuid = {9794D477-0E23-44BF-895F-8786E8C99BD6}
	EndGlobalSection
EndGlobal
